
Microsoft Visual Studio Solution File, Format Version 12.00
# Visual Studio Version 16
VisualStudioVersion = 16.0.31424.327
MinimumVisualStudioVersion = 10.0.40219.1
Project("{FAE04EC0-301F-11D3-BF4B-00C04F79EFBC}") = "GeneralStoreAPI", "GeneralStoreAPI\GeneralStoreAPI.csproj", "{F65C5B9C-4B89-47E9-88A0-1D7B8C8E73CA}"
EndProject
Global
	GlobalSection(SolutionConfigurationPlatforms) = preSolution
		Debug|Any CPU = Debug|Any CPU
		Release|Any CPU = Release|Any CPU
	EndGlobalSection
	GlobalSection(ProjectConfigurationPlatforms) = postSolution
		{F65C5B9C-4B89-47E9-88A0-1D7B8C8E73CA}.Debug|Any CPU.ActiveCfg = Debug|Any CPU
		{F65C5B9C-4B89-47E9-88A0-1D7B8C8E73CA}.Debug|Any CPU.Build.0 = Debug|Any CPU
		{F65C5B9C-4B89-47E9-88A0-1D7B8C8E73CA}.Release|Any CPU.ActiveCfg = Release|Any CPU
		{F65C5B9C-4B89-47E9-88A0-1D7B8C8E73CA}.Release|Any CPU.Build.0 = Release|Any CPU
	EndGlobalSection
	GlobalSection(SolutionProperties) = preSolution
		HideSolutionNode = FALSE
	EndGlobalSection
	GlobalSection(ExtensibilityGlobals) = postSolution
		SolutionGuid = {A08853DE-15E6-4E5E-B1DB-0EF54F50F8CB}
	EndGlobalSection
EndGlobal
